
Microsoft Visual Studio Solution File, Format Version 12.00
# Visual Studio Version 16
VisualStudioVersion = 25.0.1706.7
MinimumVisualStudioVersion = 10.0.40219.1
Project("{FAE04EC0-301F-11D3-BF4B-00C04F79EFBC}") = "VenkiDB", "VenkiDB\VenkiDB.csproj", "{C514F97E-1B87-4D4C-B61A-C8D55DA6CAD3}"
EndProject
Project("{FAE04EC0-301F-11D3-BF4B-00C04F79EFBC}") = "VenkiDB.Internals", "VenkiDB.Internals\VenkiDB.Internals.csproj", "{A5539252-9774-45A6-9A05-1F82F18CF0B1}"
EndProject
Global
	GlobalSection(SolutionConfigurationPlatforms) = preSolution
		Debug|Any CPU = Debug|Any CPU
		Release|Any CPU = Release|Any CPU
	EndGlobalSection
	GlobalSection(ProjectConfigurationPlatforms) = postSolution
		{C514F97E-1B87-4D4C-B61A-C8D55DA6CAD3}.Debug|Any CPU.ActiveCfg = Debug|Any CPU
		{C514F97E-1B87-4D4C-B61A-C8D55DA6CAD3}.Debug|Any CPU.Build.0 = Debug|Any CPU
		{C514F97E-1B87-4D4C-B61A-C8D55DA6CAD3}.Release|Any CPU.ActiveCfg = Release|Any CPU
		{C514F97E-1B87-4D4C-B61A-C8D55DA6CAD3}.Release|Any CPU.Build.0 = Release|Any CPU
		{A5539252-9774-45A6-9A05-1F82F18CF0B1}.Debug|Any CPU.ActiveCfg = Debug|Any CPU
		{A5539252-9774-45A6-9A05-1F82F18CF0B1}.Debug|Any CPU.Build.0 = Debug|Any CPU
		{A5539252-9774-45A6-9A05-1F82F18CF0B1}.Release|Any CPU.ActiveCfg = Release|Any CPU
		{A5539252-9774-45A6-9A05-1F82F18CF0B1}.Release|Any CPU.Build.0 = Release|Any CPU
	EndGlobalSection
	GlobalSection(SolutionProperties) = preSolution
		HideSolutionNode = FALSE
	EndGlobalSection
	GlobalSection(ExtensibilityGlobals) = postSolution
		SolutionGuid = {2E2494D2-B608-4E83-83EE-267F611B9C02}
	EndGlobalSection
EndGlobal
